
Microsoft Visual Studio Solution File, Format Version 12.00
# Visual Studio Version 17
VisualStudioVersion = 17.3.32825.248
MinimumVisualStudioVersion = 10.0.40219.1
Project("{FAE04EC0-301F-11D3-BF4B-00C04F79EFBC}") = "Topic 5.5", "Topic 5.5\Topic 5.5.csproj", "{632B7854-0CB3-4B1E-9C9E-603D795460EE}"
EndProject
Global
	GlobalSection(SolutionConfigurationPlatforms) = preSolution
		Debug|Any CPU = Debug|Any CPU
		Release|Any CPU = Release|Any CPU
	EndGlobalSection
	GlobalSection(ProjectConfigurationPlatforms) = postSolution
		{632B7854-0CB3-4B1E-9C9E-603D795460EE}.Debug|Any CPU.ActiveCfg = Debug|Any CPU
		{632B7854-0CB3-4B1E-9C9E-603D795460EE}.Debug|Any CPU.Build.0 = Debug|Any CPU
		{632B7854-0CB3-4B1E-9C9E-603D795460EE}.Release|Any CPU.ActiveCfg = Release|Any CPU
		{632B7854-0CB3-4B1E-9C9E-603D795460EE}.Release|Any CPU.Build.0 = Release|Any CPU
	EndGlobalSection
	GlobalSection(SolutionProperties) = preSolution
		HideSolutionNode = FALSE
	EndGlobalSection
	GlobalSection(ExtensibilityGlobals) = postSolution
		SolutionGuid = {280CE56E-1D2A-49CB-9B7A-E1CC78A89EA0}
	EndGlobalSection
EndGlobal
